
Microsoft Visual Studio Solution File, Format Version 12.00
# Visual Studio Version 17
VisualStudioVersion = 17.14.36221.1 d17.14
MinimumVisualStudioVersion = 10.0.40219.1
Project("{FAE04EC0-301F-11D3-BF4B-00C04F79EFBC}") = "References.Api", "References.Api\References.Api.csproj", "{614AC0AA-0C79-404B-A429-3188C1048457}"
EndProject
Project("{FAE04EC0-301F-11D3-BF4B-00C04F79EFBC}") = "References.Tests", "References.Tests\References.Tests.csproj", "{7BD1D665-BD6C-4D37-BA4D-0952883EAF77}"
EndProject
Global
	GlobalSection(SolutionConfigurationPlatforms) = preSolution
		Debug|Any CPU = Debug|Any CPU
		Release|Any CPU = Release|Any CPU
	EndGlobalSection
	GlobalSection(ProjectConfigurationPlatforms) = postSolution
		{614AC0AA-0C79-404B-A429-3188C1048457}.Debug|Any CPU.ActiveCfg = Debug|Any CPU
		{614AC0AA-0C79-404B-A429-3188C1048457}.Debug|Any CPU.Build.0 = Debug|Any CPU
		{614AC0AA-0C79-404B-A429-3188C1048457}.Release|Any CPU.ActiveCfg = Release|Any CPU
		{614AC0AA-0C79-404B-A429-3188C1048457}.Release|Any CPU.Build.0 = Release|Any CPU
		{7BD1D665-BD6C-4D37-BA4D-0952883EAF77}.Debug|Any CPU.ActiveCfg = Debug|Any CPU
		{7BD1D665-BD6C-4D37-BA4D-0952883EAF77}.Debug|Any CPU.Build.0 = Debug|Any CPU
		{7BD1D665-BD6C-4D37-BA4D-0952883EAF77}.Release|Any CPU.ActiveCfg = Release|Any CPU
		{7BD1D665-BD6C-4D37-BA4D-0952883EAF77}.Release|Any CPU.Build.0 = Release|Any CPU
	EndGlobalSection
	GlobalSection(SolutionProperties) = preSolution
		HideSolutionNode = FALSE
	EndGlobalSection
	GlobalSection(ExtensibilityGlobals) = postSolution
		SolutionGuid = {EBC9F0CA-5D23-467F-8229-7DD440ADC731}
	EndGlobalSection
EndGlobal
